PODS:
  - Alamofire (2.0.2)
  - Bolts/Tasks (1.3.0)
  - DStack (0.1.0)
  - Restler (0.0.1):
    - Alamofire
    - Bolts/Tasks
    - Restler/Core (= 0.0.1)
    - XCGLogger
  - Restler/Core (0.0.1):
    - Alamofire
    - Bolts/Tasks
    - XCGLogger
  - Restler/CoreData (0.0.1):
    - Alamofire
    - Bolts/Tasks
    - DStack
    - SwiftyJSON
    - XCGLogger
  - SwiftyJSON (2.3.0)
  - XCGLogger (3.0)

DEPENDENCIES:
  - DStack (from `../../DStack`)
  - Restler (from `../`)
  - Restler/CoreData (from `../`)

EXTERNAL SOURCES:
  DStack:
    :path: "../../DStack"
  Restler:
    :path: "../"

SPEC CHECKSUMS:
  Alamofire: 8edbab00802a752bb5240cc2abe70e7e881488ad
  Bolts: 805a4a87413e49d4a0c2b7d469084cbc46b09342
  DStack: 10d56ec698423ef2c86c3fb1506f58dfa379a09f
  Restler: a8ce33b4c84ca7bfa763921b23e9cd89f5a53483
  SwiftyJSON: 8d6b61a70277ef2a5d710d372e06e7e2d87fb9e4
  XCGLogger: 5802533aff8bafc8b3b9776ab8972576f31d0a4e

COCOAPODS: 0.39.0.beta.4
